
Microsoft Visual Studio Solution File, Format Version 12.00
# Visual Studio Version 16
VisualStudioVersion = 16.0.31321.278
MinimumVisualStudioVersion = 10.0.40219.1
Project("{D954291E-2A0B-460D-934E-DC6B0785DB48}") = "POSUNO.Shared", "POSUNO\POSUNO.Shared\POSUNO.Shared.shproj", "{6279C845-92F8-4333-AB99-3D213163593C}"
EndProject
Project("{2150E333-8FDC-42A3-9474-1A3956D46DE8}") = "Platforms", "Platforms", "{2917A122-DFD6-4112-9BBC-63F7F88CCF0D}"
EndProject
Project("{FAE04EC0-301F-11D3-BF4B-00C04F79EFBC}") = "POSUNO.Droid", "POSUNO\POSUNO.Droid\POSUNO.Droid.csproj", "{BF15DE8A-B157-4634-89FB-033654DA452B}"
EndProject
Project("{FAE04EC0-301F-11D3-BF4B-00C04F79EFBC}") = "POSUNO.iOS", "POSUNO\POSUNO.iOS\POSUNO.iOS.csproj", "{8A55608B-753C-42FD-ADF4-172AA81FBD3D}"
EndProject
Project("{FAE04EC0-301F-11D3-BF4B-00C04F79EFBC}") = "POSUNO.UWP", "POSUNO\POSUNO.UWP\POSUNO.UWP.csproj", "{BB20A22A-05B4-49F2-9836-82050DAB58A7}"
EndProject
Project("{9A19103F-16F7-4668-BE54-9A1E7A4F7556}") = "POSUNO.Wasm", "POSUNO\POSUNO.Wasm\POSUNO.Wasm.csproj", "{CD51811E-2BD8-4E5C-972D-CB73C7899F2F}"
EndProject
Project("{FAE04EC0-301F-11D3-BF4B-00C04F79EFBC}") = "POSUNO.macOS", "POSUNO\POSUNO.macOS\POSUNO.macOS.csproj", "{7D14247F-FC1D-4362-8989-7BA0FC74BA02}"
EndProject
Project("{9A19103F-16F7-4668-BE54-9A1E7A4F7556}") = "POSUNO.Skia.Wpf.Host", "POSUNO\POSUNO.Skia.Wpf.Host\POSUNO.Skia.Wpf.Host.csproj", "{622CC67D-0BE9-4069-9583-47FFBE06F49B}"
EndProject
Project("{9A19103F-16F7-4668-BE54-9A1E7A4F7556}") = "POSUNO.Skia.Wpf", "POSUNO\POSUNO.Skia.Wpf\POSUNO.Skia.Wpf.csproj", "{4B69ACBB-5417-44ED-BBC7-3ACEA9C3EE66}"
EndProject
Project("{9A19103F-16F7-4668-BE54-9A1E7A4F7556}") = "POSUNO.Skia.Gtk", "POSUNO\POSUNO.Skia.Gtk\POSUNO.Skia.Gtk.csproj", "{5C693149-31E2-49C2-933F-19630F32041D}"
EndProject
Project("{9A19103F-16F7-4668-BE54-9A1E7A4F7556}") = "POSUNO.Skia.Tizen", "POSUNO\POSUNO.Skia.Tizen\POSUNO.Skia.Tizen.csproj", "{C61E2DE9-7B37-4666-8D2A-97C8EEBB103B}"
EndProject
Project("{9A19103F-16F7-4668-BE54-9A1E7A4F7556}") = "POSUNO.Api", "POSUNO.Api\POSUNO.Api.csproj", "{72A1CD70-DB8D-4411-95C1-9B3F618A1A33}"
EndProject
Global
	GlobalSection(SharedMSBuildProjectFiles) = preSolution
		POSUNO\POSUNO.Shared\POSUNO.Shared.projitems*{4b69acbb-5417-44ed-bbc7-3acea9c3ee66}*SharedItemsImports = 5
		POSUNO\POSUNO.Shared\POSUNO.Shared.projitems*{5c693149-31e2-49c2-933f-19630f32041d}*SharedItemsImports = 5
		POSUNO\POSUNO.Shared\POSUNO.Shared.projitems*{6279c845-92f8-4333-ab99-3d213163593c}*SharedItemsImports = 13
		POSUNO\POSUNO.Shared\POSUNO.Shared.projitems*{7d14247f-fc1d-4362-8989-7ba0fc74ba02}*SharedItemsImports = 4
		POSUNO\POSUNO.Shared\POSUNO.Shared.projitems*{8a55608b-753c-42fd-adf4-172aa81fbd3d}*SharedItemsImports = 4
		POSUNO\POSUNO.Shared\POSUNO.Shared.projitems*{bb20a22a-05b4-49f2-9836-82050dab58a7}*SharedItemsImports = 4
		POSUNO\POSUNO.Shared\POSUNO.Shared.projitems*{bf15de8a-b157-4634-89fb-033654da452b}*SharedItemsImports = 4
		POSUNO\POSUNO.Shared\POSUNO.Shared.projitems*{c61e2de9-7b37-4666-8d2a-97c8eebb103b}*SharedItemsImports = 5
		POSUNO\POSUNO.Shared\POSUNO.Shared.projitems*{cd51811e-2bd8-4e5c-972d-cb73c7899f2f}*SharedItemsImports = 5
	EndGlobalSection
	GlobalSection(SolutionConfigurationPlatforms) = preSolution
		Ad-Hoc|Any CPU = Ad-Hoc|Any CPU
		Ad-Hoc|ARM = Ad-Hoc|ARM
		Ad-Hoc|ARM64 = Ad-Hoc|ARM64
		Ad-Hoc|iPhone = Ad-Hoc|iPhone
		Ad-Hoc|iPhoneSimulator = Ad-Hoc|iPhoneSimulator
		Ad-Hoc|x64 = Ad-Hoc|x64
		Ad-Hoc|x86 = Ad-Hoc|x86
		AppStore|Any CPU = AppStore|Any CPU
		AppStore|ARM = AppStore|ARM
		AppStore|ARM64 = AppStore|ARM64
		AppStore|iPhone = AppStore|iPhone
		AppStore|iPhoneSimulator = AppStore|iPhoneSimulator
		AppStore|x64 = AppStore|x64
		AppStore|x86 = AppStore|x86
		Debug|Any CPU = Debug|Any CPU
		Debug|ARM = Debug|ARM
		Debug|ARM64 = Debug|ARM64
		Debug|iPhone = Debug|iPhone
		Debug|iPhoneSimulator = Debug|iPhoneSimulator
		Debug|x64 = Debug|x64
		Debug|x86 = Debug|x86
		Release|Any CPU = Release|Any CPU
		Release|ARM = Release|ARM
		Release|ARM64 = Release|ARM64
		Release|iPhone = Release|iPhone
		Release|iPhoneSimulator = Release|iPhoneSimulator
		Release|x64 = Release|x64
		Release|x86 = Release|x86
	EndGlobalSection
	GlobalSection(ProjectConfigurationPlatforms) = postSolution
		{BF15DE8A-B157-4634-89FB-033654DA452B}.Ad-Hoc|Any CPU.ActiveCfg = Debug|Any CPU
		{BF15DE8A-B157-4634-89FB-033654DA452B}.Ad-Hoc|Any CPU.Build.0 = Debug|Any CPU
		{BF15DE8A-B157-4634-89FB-033654DA452B}.Ad-Hoc|Any CPU.Deploy.0 = Debug|Any CPU
		{BF15DE8A-B157-4634-89FB-033654DA452B}.Ad-Hoc|ARM.ActiveCfg = Debug|Any CPU
		{BF15DE8A-B157-4634-89FB-033654DA452B}.Ad-Hoc|ARM.Build.0 = Debug|Any CPU
		{BF15DE8A-B157-4634-89FB-033654DA452B}.Ad-Hoc|ARM.Deploy.0 = Debug|Any CPU
		{BF15DE8A-B157-4634-89FB-033654DA452B}.Ad-Hoc|ARM64.ActiveCfg = Debug|Any CPU
		{BF15DE8A-B157-4634-89FB-033654DA452B}.Ad-Hoc|ARM64.Build.0 = Debug|Any CPU
		{BF15DE8A-B157-4634-89FB-033654DA452B}.Ad-Hoc|ARM64.Deploy.0 = Debug|Any CPU
		{BF15DE8A-B157-4634-89FB-033654DA452B}.Ad-Hoc|iPhone.ActiveCfg = Debug|Any CPU
		{BF15DE8A-B157-4634-89FB-033654DA452B}.Ad-Hoc|iPhone.Build.0 = Debug|Any CPU
		{BF15DE8A-B157-4634-89FB-033654DA452B}.Ad-Hoc|iPhone.Deploy.0 = Debug|Any CPU
		{BF15DE8A-B157-4634-89FB-033654DA452B}.Ad-Hoc|iPhoneSimulator.ActiveCfg = Debug|Any CPU
		{BF15DE8A-B157-4634-89FB-033654DA452B}.Ad-Hoc|iPhoneSimulator.Build.0 = Debug|Any CPU
		{BF15DE8A-B157-4634-89FB-033654DA452B}.Ad-Hoc|iPhoneSimulator.Deploy.0 = Debug|Any CPU
		{BF15DE8A-B157-4634-89FB-033654DA452B}.Ad-Hoc|x64.ActiveCfg = Debug|Any CPU
		{BF15DE8A-B157-4634-89FB-033654DA452B}.Ad-Hoc|x64.Build.0 = Debug|Any CPU
		{BF15DE8A-B157-4634-89FB-033654DA452B}.Ad-Hoc|x64.Deploy.0 = Debug|Any CPU
		{BF15DE8A-B157-4634-89FB-033654DA452B}.Ad-Hoc|x86.ActiveCfg = Debug|Any CPU
		{BF15DE8A-B157-4634-89FB-033654DA452B}.Ad-Hoc|x86.Build.0 = Debug|Any CPU
		{BF15DE8A-B157-4634-89FB-033654DA452B}.Ad-Hoc|x86.Deploy.0 = Debug|Any CPU
		{BF15DE8A-B157-4634-89FB-033654DA452B}.AppStore|Any CPU.ActiveCfg = Debug|Any CPU
		{BF15DE8A-B157-4634-89FB-033654DA452B}.AppStore|Any CPU.Build.0 = Debug|Any CPU
		{BF15DE8A-B157-4634-89FB-033654DA452B}.AppStore|Any CPU.Deploy.0 = Debug|Any CPU
		{BF15DE8A-B157-4634-89FB-033654DA452B}.AppStore|ARM.ActiveCfg = Debug|Any CPU
		{BF15DE8A-B157-4634-89FB-033654DA452B}.AppStore|ARM.Build.0 = Debug|Any CPU
		{BF15DE8A-B157-4634-89FB-033654DA452B}.AppStore|ARM.Deploy.0 = Debug|Any CPU
		{BF15DE8A-B157-4634-89FB-033654DA452B}.AppStore|ARM64.ActiveCfg = Debug|Any CPU
		{BF15DE8A-B157-4634-89FB-033654DA452B}.AppStore|ARM64.Build.0 = Debug|Any CPU
		{BF15DE8A-B157-4634-89FB-033654DA452B}.AppStore|ARM64.Deploy.0 = Debug|Any CPU
		{BF15DE8A-B157-4634-89FB-033654DA452B}.AppStore|iPhone.ActiveCfg = Debug|Any CPU
		{BF15DE8A-B157-4634-89FB-033654DA452B}.AppStore|iPhone.Build.0 = Debug|Any CPU
		{BF15DE8A-B157-4634-89FB-033654DA452B}.AppStore|iPhone.Deploy.0 = Debug|Any CPU
		{BF15DE8A-B157-4634-89FB-033654DA452B}.AppStore|iPhoneSimulator.ActiveCfg = Debug|Any CPU
		{BF15DE8A-B157-4634-89FB-033654DA452B}.AppStore|iPhoneSimulator.Build.0 = Debug|Any CPU
		{BF15DE8A-B157-4634-89FB-033654DA452B}.AppStore|iPhoneSimulator.Deploy.0 = Debug|Any CPU
		{BF15DE8A-B157-4634-89FB-033654DA452B}.AppStore|x64.ActiveCfg = Debug|Any CPU
		{BF15DE8A-B157-4634-89FB-033654DA452B}.AppStore|x64.Build.0 = Debug|Any CPU
		{BF15DE8A-B157-4634-89FB-033654DA452B}.AppStore|x64.Deploy.0 = Debug|Any CPU
		{BF15DE8A-B157-4634-89FB-033654DA452B}.AppStore|x86.ActiveCfg = Debug|Any CPU
		{BF15DE8A-B157-4634-89FB-033654DA452B}.AppStore|x86.Build.0 = Debug|Any CPU
		{BF15DE8A-B157-4634-89FB-033654DA452B}.AppStore|x86.Deploy.0 = Debug|Any CPU
		{BF15DE8A-B157-4634-89FB-033654DA452B}.Debug|Any CPU.ActiveCfg = Debug|Any CPU
		{BF15DE8A-B157-4634-89FB-033654DA452B}.Debug|ARM.ActiveCfg = Debug|Any CPU
		{BF15DE8A-B157-4634-89FB-033654DA452B}.Debug|ARM.Build.0 = Debug|Any CPU
		{BF15DE8A-B157-4634-89FB-033654DA452B}.Debug|ARM.Deploy.0 = Debug|Any CPU
		{BF15DE8A-B157-4634-89FB-033654DA452B}.Debug|ARM64.ActiveCfg = Debug|Any CPU
		{BF15DE8A-B157-4634-89FB-033654DA452B}.Debug|ARM64.Build.0 = Debug|Any CPU
		{BF15DE8A-B157-4634-89FB-033654DA452B}.Debug|ARM64.Deploy.0 = Debug|Any CPU
		{BF15DE8A-B157-4634-89FB-033654DA452B}.Debug|iPhone.ActiveCfg = Debug|Any CPU
		{BF15DE8A-B157-4634-89FB-033654DA452B}.Debug|iPhone.Build.0 = Debug|Any CPU
		{BF15DE8A-B157-4634-89FB-033654DA452B}.Debug|iPhone.Deploy.0 = Debug|Any CPU
		{BF15DE8A-B157-4634-89FB-033654DA452B}.Debug|iPhoneSimulator.ActiveCfg = Debug|Any CPU
		{BF15DE8A-B157-4634-89FB-033654DA452B}.Debug|iPhoneSimulator.Build.0 = Debug|Any CPU
		{BF15DE8A-B157-4634-89FB-033654DA452B}.Debug|iPhoneSimulator.Deploy.0 = Debug|Any CPU
		{BF15DE8A-B157-4634-89FB-033654DA452B}.Debug|x64.ActiveCfg = Debug|Any CPU
		{BF15DE8A-B157-4634-89FB-033654DA452B}.Debug|x64.Build.0 = Debug|Any CPU
		{BF15DE8A-B157-4634-89FB-033654DA452B}.Debug|x64.Deploy.0 = Debug|Any CPU
		{BF15DE8A-B157-4634-89FB-033654DA452B}.Debug|x86.ActiveCfg = Debug|Any CPU
		{BF15DE8A-B157-4634-89FB-033654DA452B}.Debug|x86.Build.0 = Debug|Any CPU
		{BF15DE8A-B157-4634-89FB-033654DA452B}.Debug|x86.Deploy.0 = Debug|Any CPU
		{BF15DE8A-B157-4634-89FB-033654DA452B}.Release|Any CPU.ActiveCfg = Release|Any CPU
		{BF15DE8A-B157-4634-89FB-033654DA452B}.Release|Any CPU.Build.0 = Release|Any CPU
		{BF15DE8A-B157-4634-89FB-033654DA452B}.Release|Any CPU.Deploy.0 = Release|Any CPU
		{BF15DE8A-B157-4634-89FB-033654DA452B}.Release|ARM.ActiveCfg = Release|Any CPU
		{BF15DE8A-B157-4634-89FB-033654DA452B}.Release|ARM.Build.0 = Release|Any CPU
		{BF15DE8A-B157-4634-89FB-033654DA452B}.Release|ARM.Deploy.0 = Release|Any CPU
		{BF15DE8A-B157-4634-89FB-033654DA452B}.Release|ARM64.ActiveCfg = Release|Any CPU
		{BF15DE8A-B157-4634-89FB-033654DA452B}.Release|ARM64.Build.0 = Release|Any CPU
		{BF15DE8A-B157-4634-89FB-033654DA452B}.Release|ARM64.Deploy.0 = Release|Any CPU
		{BF15DE8A-B157-4634-89FB-033654DA452B}.Release|iPhone.ActiveCfg = Release|Any CPU
		{BF15DE8A-B157-4634-89FB-033654DA452B}.Release|iPhone.Build.0 = Release|Any CPU
		{BF15DE8A-B157-4634-89FB-033654DA452B}.Release|iPhone.Deploy.0 = Release|Any CPU
		{BF15DE8A-B157-4634-89FB-033654DA452B}.Release|iPhoneSimulator.ActiveCfg = Release|Any CPU
		{BF15DE8A-B157-4634-89FB-033654DA452B}.Release|iPhoneSimulator.Build.0 = Release|Any CPU
		{BF15DE8A-B157-4634-89FB-033654DA452B}.Release|iPhoneSimulator.Deploy.0 = Release|Any CPU
		{BF15DE8A-B157-4634-89FB-033654DA452B}.Release|x64.ActiveCfg = Release|Any CPU
		{BF15DE8A-B157-4634-89FB-033654DA452B}.Release|x64.Build.0 = Release|Any CPU
		{BF15DE8A-B157-4634-89FB-033654DA452B}.Release|x64.Deploy.0 = Release|Any CPU
		{BF15DE8A-B157-4634-89FB-033654DA452B}.Release|x86.ActiveCfg = Release|Any CPU
		{BF15DE8A-B157-4634-89FB-033654DA452B}.Release|x86.Build.0 = Release|Any CPU
		{BF15DE8A-B157-4634-89FB-033654DA452B}.Release|x86.Deploy.0 = Release|Any CPU
		{8A55608B-753C-42FD-ADF4-172AA81FBD3D}.Ad-Hoc|Any CPU.ActiveCfg = Ad-Hoc|iPhoneSimulator
		{8A55608B-753C-42FD-ADF4-172AA81FBD3D}.Ad-Hoc|ARM.ActiveCfg = Ad-Hoc|iPhoneSimulator
		{8A55608B-753C-42FD-ADF4-172AA81FBD3D}.Ad-Hoc|ARM64.ActiveCfg = Ad-Hoc|iPhoneSimulator
		{8A55608B-753C-42FD-ADF4-172AA81FBD3D}.Ad-Hoc|iPhone.ActiveCfg = Ad-Hoc|iPhone
		{8A55608B-753C-42FD-ADF4-172AA81FBD3D}.Ad-Hoc|iPhone.Build.0 = Ad-Hoc|iPhone
		{8A55608B-753C-42FD-ADF4-172AA81FBD3D}.Ad-Hoc|iPhoneSimulator.ActiveCfg = Ad-Hoc|iPhoneSimulator
		{8A55608B-753C-42FD-ADF4-172AA81FBD3D}.Ad-Hoc|iPhoneSimulator.Build.0 = Ad-Hoc|iPhoneSimulator
		{8A55608B-753C-42FD-ADF4-172AA81FBD3D}.Ad-Hoc|x64.ActiveCfg = Ad-Hoc|iPhoneSimulator
		{8A55608B-753C-42FD-ADF4-172AA81FBD3D}.Ad-Hoc|x86.ActiveCfg = Ad-Hoc|iPhoneSimulator
		{8A55608B-753C-42FD-ADF4-172AA81FBD3D}.AppStore|Any CPU.ActiveCfg = AppStore|iPhoneSimulator
		{8A55608B-753C-42FD-ADF4-172AA81FBD3D}.AppStore|ARM.ActiveCfg = AppStore|iPhoneSimulator
		{8A55608B-753C-42FD-ADF4-172AA81FBD3D}.AppStore|ARM64.ActiveCfg = AppStore|iPhoneSimulator
		{8A55608B-753C-42FD-ADF4-172AA81FBD3D}.AppStore|iPhone.ActiveCfg = AppStore|iPhone
		{8A55608B-753C-42FD-ADF4-172AA81FBD3D}.AppStore|iPhone.Build.0 = AppStore|iPhone
		{8A55608B-753C-42FD-ADF4-172AA81FBD3D}.AppStore|iPhoneSimulator.ActiveCfg = AppStore|iPhoneSimulator
		{8A55608B-753C-42FD-ADF4-172AA81FBD3D}.AppStore|iPhoneSimulator.Build.0 = AppStore|iPhoneSimulator
		{8A55608B-753C-42FD-ADF4-172AA81FBD3D}.AppStore|x64.ActiveCfg = AppStore|iPhoneSimulator
		{8A55608B-753C-42FD-ADF4-172AA81FBD3D}.AppStore|x86.ActiveCfg = AppStore|iPhoneSimulator
		{8A55608B-753C-42FD-ADF4-172AA81FBD3D}.Debug|Any CPU.ActiveCfg = Debug|iPhoneSimulator
		{8A55608B-753C-42FD-ADF4-172AA81FBD3D}.Debug|ARM.ActiveCfg = Debug|iPhoneSimulator
		{8A55608B-753C-42FD-ADF4-172AA81FBD3D}.Debug|ARM64.ActiveCfg = Debug|iPhoneSimulator
		{8A55608B-753C-42FD-ADF4-172AA81FBD3D}.Debug|iPhone.ActiveCfg = Debug|iPhone
		{8A55608B-753C-42FD-ADF4-172AA81FBD3D}.Debug|iPhone.Build.0 = Debug|iPhone
		{8A55608B-753C-42FD-ADF4-172AA81FBD3D}.Debug|iPhoneSimulator.ActiveCfg = Debug|iPhoneSimulator
		{8A55608B-753C-42FD-ADF4-172AA81FBD3D}.Debug|iPhoneSimulator.Build.0 = Debug|iPhoneSimulator
		{8A55608B-753C-42FD-ADF4-172AA81FBD3D}.Debug|x64.ActiveCfg = Debug|iPhoneSimulator
		{8A55608B-753C-42FD-ADF4-172AA81FBD3D}.Debug|x86.ActiveCfg = Debug|iPhoneSimulator
		{8A55608B-753C-42FD-ADF4-172AA81FBD3D}.Release|Any CPU.ActiveCfg = Release|iPhoneSimulator
		{8A55608B-753C-42FD-ADF4-172AA81FBD3D}.Release|ARM.ActiveCfg = Release|iPhoneSimulator
		{8A55608B-753C-42FD-ADF4-172AA81FBD3D}.Release|ARM64.ActiveCfg = Release|iPhoneSimulator
		{8A55608B-753C-42FD-ADF4-172AA81FBD3D}.Release|iPhone.ActiveCfg = Release|iPhone
		{8A55608B-753C-42FD-ADF4-172AA81FBD3D}.Release|iPhone.Build.0 = Release|iPhone
		{8A55608B-753C-42FD-ADF4-172AA81FBD3D}.Release|iPhoneSimulator.ActiveCfg = Release|iPhoneSimulator
		{8A55608B-753C-42FD-ADF4-172AA81FBD3D}.Release|iPhoneSimulator.Build.0 = Release|iPhoneSimulator
		{8A55608B-753C-42FD-ADF4-172AA81FBD3D}.Release|x64.ActiveCfg = Release|iPhoneSimulator
		{8A55608B-753C-42FD-ADF4-172AA81FBD3D}.Release|x86.ActiveCfg = Release|iPhoneSimulator
		{BB20A22A-05B4-49F2-9836-82050DAB58A7}.Ad-Hoc|Any CPU.ActiveCfg = Debug|x86
		{BB20A22A-05B4-49F2-9836-82050DAB58A7}.Ad-Hoc|Any CPU.Build.0 = Debug|x86
		{BB20A22A-05B4-49F2-9836-82050DAB58A7}.Ad-Hoc|Any CPU.Deploy.0 = Debug|x86
		{BB20A22A-05B4-49F2-9836-82050DAB58A7}.Ad-Hoc|ARM.ActiveCfg = Debug|ARM
		{BB20A22A-05B4-49F2-9836-82050DAB58A7}.Ad-Hoc|ARM.Build.0 = Debug|ARM
		{BB20A22A-05B4-49F2-9836-82050DAB58A7}.Ad-Hoc|ARM.Deploy.0 = Debug|ARM
		{BB20A22A-05B4-49F2-9836-82050DAB58A7}.Ad-Hoc|ARM64.ActiveCfg = Debug|ARM64
		{BB20A22A-05B4-49F2-9836-82050DAB58A7}.Ad-Hoc|ARM64.Build.0 = Debug|ARM64
		{BB20A22A-05B4-49F2-9836-82050DAB58A7}.Ad-Hoc|ARM64.Deploy.0 = Debug|ARM64
		{BB20A22A-05B4-49F2-9836-82050DAB58A7}.Ad-Hoc|iPhone.ActiveCfg = Debug|x86
		{BB20A22A-05B4-49F2-9836-82050DAB58A7}.Ad-Hoc|iPhone.Build.0 = Debug|x86
		{BB20A22A-05B4-49F2-9836-82050DAB58A7}.Ad-Hoc|iPhone.Deploy.0 = Debug|x86
		{BB20A22A-05B4-49F2-9836-82050DAB58A7}.Ad-Hoc|iPhoneSimulator.ActiveCfg = Debug|x86
		{BB20A22A-05B4-49F2-9836-82050DAB58A7}.Ad-Hoc|iPhoneSimulator.Build.0 = Debug|x86
		{BB20A22A-05B4-49F2-9836-82050DAB58A7}.Ad-Hoc|iPhoneSimulator.Deploy.0 = Debug|x86
		{BB20A22A-05B4-49F2-9836-82050DAB58A7}.Ad-Hoc|x64.ActiveCfg = Debug|x64
		{BB20A22A-05B4-49F2-9836-82050DAB58A7}.Ad-Hoc|x64.Build.0 = Debug|x64
		{BB20A22A-05B4-49F2-9836-82050DAB58A7}.Ad-Hoc|x64.Deploy.0 = Debug|x64
		{BB20A22A-05B4-49F2-9836-82050DAB58A7}.Ad-Hoc|x86.ActiveCfg = Debug|x86
		{BB20A22A-05B4-49F2-9836-82050DAB58A7}.Ad-Hoc|x86.Build.0 = Debug|x86
		{BB20A22A-05B4-49F2-9836-82050DAB58A7}.Ad-Hoc|x86.Deploy.0 = Debug|x86
		{BB20A22A-05B4-49F2-9836-82050DAB58A7}.AppStore|Any CPU.ActiveCfg = Debug|x86
		{BB20A22A-05B4-49F2-9836-82050DAB58A7}.AppStore|Any CPU.Build.0 = Debug|x86
		{BB20A22A-05B4-49F2-9836-82050DAB58A7}.AppStore|Any CPU.Deploy.0 = Debug|x86
		{BB20A22A-05B4-49F2-9836-82050DAB58A7}.AppStore|ARM.ActiveCfg = Debug|ARM
		{BB20A22A-05B4-49F2-9836-82050DAB58A7}.AppStore|ARM.Build.0 = Debug|ARM
		{BB20A22A-05B4-49F2-9836-82050DAB58A7}.AppStore|ARM.Deploy.0 = Debug|ARM
		{BB20A22A-05B4-49F2-9836-82050DAB58A7}.AppStore|ARM64.ActiveCfg = Debug|ARM64
		{BB20A22A-05B4-49F2-9836-82050DAB58A7}.AppStore|ARM64.Build.0 = Debug|ARM64
		{BB20A22A-05B4-49F2-9836-82050DAB58A7}.AppStore|ARM64.Deploy.0 = Debug|ARM64
		{BB20A22A-05B4-49F2-9836-82050DAB58A7}.AppStore|iPhone.ActiveCfg = Debug|x86
		{BB20A22A-05B4-49F2-9836-82050DAB58A7}.AppStore|iPhone.Build.0 = Debug|x86
		{BB20A22A-05B4-49F2-9836-82050DAB58A7}.AppStore|iPhone.Deploy.0 = Debug|x86
		{BB20A22A-05B4-49F2-9836-82050DAB58A7}.AppStore|iPhoneSimulator.ActiveCfg = Debug|x86
		{BB20A22A-05B4-49F2-9836-82050DAB58A7}.AppStore|iPhoneSimulator.Build.0 = Debug|x86
		{BB20A22A-05B4-49F2-9836-82050DAB58A7}.AppStore|iPhoneSimulator.Deploy.0 = Debug|x86
		{BB20A22A-05B4-49F2-9836-82050DAB58A7}.AppStore|x64.ActiveCfg = Debug|x64
		{BB20A22A-05B4-49F2-9836-82050DAB58A7}.AppStore|x64.Build.0 = Debug|x64
		{BB20A22A-05B4-49F2-9836-82050DAB58A7}.AppStore|x64.Deploy.0 = Debug|x64
		{BB20A22A-05B4-49F2-9836-82050DAB58A7}.AppStore|x86.ActiveCfg = Debug|x86
		{BB20A22A-05B4-49F2-9836-82050DAB58A7}.AppStore|x86.Build.0 = Debug|x86
		{BB20A22A-05B4-49F2-9836-82050DAB58A7}.AppStore|x86.Deploy.0 = Debug|x86
		{BB20A22A-05B4-49F2-9836-82050DAB58A7}.Debug|Any CPU.ActiveCfg = Debug|x86
		{BB20A22A-05B4-49F2-9836-82050DAB58A7}.Debug|ARM.ActiveCfg = Debug|ARM
		{BB20A22A-05B4-49F2-9836-82050DAB58A7}.Debug|ARM.Build.0 = Debug|ARM
		{BB20A22A-05B4-49F2-9836-82050DAB58A7}.Debug|ARM.Deploy.0 = Debug|ARM
		{BB20A22A-05B4-49F2-9836-82050DAB58A7}.Debug|ARM64.ActiveCfg = Debug|ARM64
		{BB20A22A-05B4-49F2-9836-82050DAB58A7}.Debug|ARM64.Build.0 = Debug|ARM64
		{BB20A22A-05B4-49F2-9836-82050DAB58A7}.Debug|ARM64.Deploy.0 = Debug|ARM64
		{BB20A22A-05B4-49F2-9836-82050DAB58A7}.Debug|iPhone.ActiveCfg = Debug|x86
		{BB20A22A-05B4-49F2-9836-82050DAB58A7}.Debug|iPhoneSimulator.ActiveCfg = Debug|x86
		{BB20A22A-05B4-49F2-9836-82050DAB58A7}.Debug|x64.ActiveCfg = Debug|x64
		{BB20A22A-05B4-49F2-9836-82050DAB58A7}.Debug|x64.Build.0 = Debug|x64
		{BB20A22A-05B4-49F2-9836-82050DAB58A7}.Debug|x64.Deploy.0 = Debug|x64
		{BB20A22A-05B4-49F2-9836-82050DAB58A7}.Debug|x86.ActiveCfg = Debug|x86
		{BB20A22A-05B4-49F2-9836-82050DAB58A7}.Debug|x86.Build.0 = Debug|x86
		{BB20A22A-05B4-49F2-9836-82050DAB58A7}.Debug|x86.Deploy.0 = Debug|x86
		{BB20A22A-05B4-49F2-9836-82050DAB58A7}.Release|Any CPU.ActiveCfg = Release|x86
		{BB20A22A-05B4-49F2-9836-82050DAB58A7}.Release|ARM.ActiveCfg = Release|ARM
		{BB20A22A-05B4-49F2-9836-82050DAB58A7}.Release|ARM.Build.0 = Release|ARM
		{BB20A22A-05B4-49F2-9836-82050DAB58A7}.Release|ARM.Deploy.0 = Release|ARM
		{BB20A22A-05B4-49F2-9836-82050DAB58A7}.Release|ARM64.ActiveCfg = Release|ARM64
		{BB20A22A-05B4-49F2-9836-82050DAB58A7}.Release|ARM64.Build.0 = Release|ARM64
		{BB20A22A-05B4-49F2-9836-82050DAB58A7}.Release|ARM64.Deploy.0 = Release|ARM64
		{BB20A22A-05B4-49F2-9836-82050DAB58A7}.Release|iPhone.ActiveCfg = Release|x86
		{BB20A22A-05B4-49F2-9836-82050DAB58A7}.Release|iPhoneSimulator.ActiveCfg = Release|x86
		{BB20A22A-05B4-49F2-9836-82050DAB58A7}.Release|x64.ActiveCfg = Release|x64
		{BB20A22A-05B4-49F2-9836-82050DAB58A7}.Release|x64.Build.0 = Release|x64
		{BB20A22A-05B4-49F2-9836-82050DAB58A7}.Release|x64.Deploy.0 = Release|x64
		{BB20A22A-05B4-49F2-9836-82050DAB58A7}.Release|x86.ActiveCfg = Release|x86
		{BB20A22A-05B4-49F2-9836-82050DAB58A7}.Release|x86.Build.0 = Release|x86
		{BB20A22A-05B4-49F2-9836-82050DAB58A7}.Release|x86.Deploy.0 = Release|x86
		{CD51811E-2BD8-4E5C-972D-CB73C7899F2F}.Ad-Hoc|Any CPU.ActiveCfg = Debug|Any CPU
		{CD51811E-2BD8-4E5C-972D-CB73C7899F2F}.Ad-Hoc|Any CPU.Build.0 = Debug|Any CPU
		{CD51811E-2BD8-4E5C-972D-CB73C7899F2F}.Ad-Hoc|ARM.ActiveCfg = Debug|Any CPU
		{CD51811E-2BD8-4E5C-972D-CB73C7899F2F}.Ad-Hoc|ARM.Build.0 = Debug|Any CPU
		{CD51811E-2BD8-4E5C-972D-CB73C7899F2F}.Ad-Hoc|ARM64.ActiveCfg = Debug|Any CPU
		{CD51811E-2BD8-4E5C-972D-CB73C7899F2F}.Ad-Hoc|ARM64.Build.0 = Debug|Any CPU
		{CD51811E-2BD8-4E5C-972D-CB73C7899F2F}.Ad-Hoc|iPhone.ActiveCfg = Debug|Any CPU
		{CD51811E-2BD8-4E5C-972D-CB73C7899F2F}.Ad-Hoc|iPhone.Build.0 = Debug|Any CPU
		{CD51811E-2BD8-4E5C-972D-CB73C7899F2F}.Ad-Hoc|iPhoneSimulator.ActiveCfg = Debug|Any CPU
		{CD51811E-2BD8-4E5C-972D-CB73C7899F2F}.Ad-Hoc|iPhoneSimulator.Build.0 = Debug|Any CPU
		{CD51811E-2BD8-4E5C-972D-CB73C7899F2F}.Ad-Hoc|x64.ActiveCfg = Debug|Any CPU
		{CD51811E-2BD8-4E5C-972D-CB73C7899F2F}.Ad-Hoc|x64.Build.0 = Debug|Any CPU
		{CD51811E-2BD8-4E5C-972D-CB73C7899F2F}.Ad-Hoc|x86.ActiveCfg = Debug|Any CPU
		{CD51811E-2BD8-4E5C-972D-CB73C7899F2F}.Ad-Hoc|x86.Build.0 = Debug|Any CPU
		{CD51811E-2BD8-4E5C-972D-CB73C7899F2F}.AppStore|Any CPU.ActiveCfg = Debug|Any CPU
		{CD51811E-2BD8-4E5C-972D-CB73C7899F2F}.AppStore|Any CPU.Build.0 = Debug|Any CPU
		{CD51811E-2BD8-4E5C-972D-CB73C7899F2F}.AppStore|ARM.ActiveCfg = Debug|Any CPU
		{CD51811E-2BD8-4E5C-972D-CB73C7899F2F}.AppStore|ARM.Build.0 = Debug|Any CPU
		{CD51811E-2BD8-4E5C-972D-CB73C7899F2F}.AppStore|ARM64.ActiveCfg = Debug|Any CPU
		{CD51811E-2BD8-4E5C-972D-CB73C7899F2F}.AppStore|ARM64.Build.0 = Debug|Any CPU
		{CD51811E-2BD8-4E5C-972D-CB73C7899F2F}.AppStore|iPhone.ActiveCfg = Debug|Any CPU
		{CD51811E-2BD8-4E5C-972D-CB73C7899F2F}.AppStore|iPhone.Build.0 = Debug|Any CPU
		{CD51811E-2BD8-4E5C-972D-CB73C7899F2F}.AppStore|iPhoneSimulator.ActiveCfg = Debug|Any CPU
		{CD51811E-2BD8-4E5C-972D-CB73C7899F2F}.AppStore|iPhoneSimulator.Build.0 = Debug|Any CPU
		{CD51811E-2BD8-4E5C-972D-CB73C7899F2F}.AppStore|x64.ActiveCfg = Debug|Any CPU
		{CD51811E-2BD8-4E5C-972D-CB73C7899F2F}.AppStore|x64.Build.0 = Debug|Any CPU
		{CD51811E-2BD8-4E5C-972D-CB73C7899F2F}.AppStore|x86.ActiveCfg = Debug|Any CPU
		{CD51811E-2BD8-4E5C-972D-CB73C7899F2F}.AppStore|x86.Build.0 = Debug|Any CPU
		{CD51811E-2BD8-4E5C-972D-CB73C7899F2F}.Debug|Any CPU.ActiveCfg = Debug|Any CPU
		{CD51811E-2BD8-4E5C-972D-CB73C7899F2F}.Debug|ARM.ActiveCfg = Debug|Any CPU
		{CD51811E-2BD8-4E5C-972D-CB73C7899F2F}.Debug|ARM.Build.0 = Debug|Any CPU
		{CD51811E-2BD8-4E5C-972D-CB73C7899F2F}.Debug|ARM64.ActiveCfg = Debug|Any CPU
		{CD51811E-2BD8-4E5C-972D-CB73C7899F2F}.Debug|ARM64.Build.0 = Debug|Any CPU
		{CD51811E-2BD8-4E5C-972D-CB73C7899F2F}.Debug|iPhone.ActiveCfg = Debug|Any CPU
		{CD51811E-2BD8-4E5C-972D-CB73C7899F2F}.Debug|iPhone.Build.0 = Debug|Any CPU
		{CD51811E-2BD8-4E5C-972D-CB73C7899F2F}.Debug|iPhoneSimulator.ActiveCfg = Debug|Any CPU
		{CD51811E-2BD8-4E5C-972D-CB73C7899F2F}.Debug|iPhoneSimulator.Build.0 = Debug|Any CPU
		{CD51811E-2BD8-4E5C-972D-CB73C7899F2F}.Debug|x64.ActiveCfg = Debug|Any CPU
		{CD51811E-2BD8-4E5C-972D-CB73C7899F2F}.Debug|x64.Build.0 = Debug|Any CPU
		{CD51811E-2BD8-4E5C-972D-CB73C7899F2F}.Debug|x86.ActiveCfg = Debug|Any CPU
		{CD51811E-2BD8-4E5C-972D-CB73C7899F2F}.Debug|x86.Build.0 = Debug|Any CPU
		{CD51811E-2BD8-4E5C-972D-CB73C7899F2F}.Release|Any CPU.ActiveCfg = Release|Any CPU
		{CD51811E-2BD8-4E5C-972D-CB73C7899F2F}.Release|Any CPU.Build.0 = Release|Any CPU
		{CD51811E-2BD8-4E5C-972D-CB73C7899F2F}.Release|ARM.ActiveCfg = Release|Any CPU
		{CD51811E-2BD8-4E5C-972D-CB73C7899F2F}.Release|ARM.Build.0 = Release|Any CPU
		{CD51811E-2BD8-4E5C-972D-CB73C7899F2F}.Release|ARM64.ActiveCfg = Release|Any CPU
		{CD51811E-2BD8-4E5C-972D-CB73C7899F2F}.Release|ARM64.Build.0 = Release|Any CPU
		{CD51811E-2BD8-4E5C-972D-CB73C7899F2F}.Release|iPhone.ActiveCfg = Release|Any CPU
		{CD51811E-2BD8-4E5C-972D-CB73C7899F2F}.Release|iPhone.Build.0 = Release|Any CPU
		{CD51811E-2BD8-4E5C-972D-CB73C7899F2F}.Release|iPhoneSimulator.ActiveCfg = Release|Any CPU
		{CD51811E-2BD8-4E5C-972D-CB73C7899F2F}.Release|iPhoneSimulator.Build.0 = Release|Any CPU
		{CD51811E-2BD8-4E5C-972D-CB73C7899F2F}.Release|x64.ActiveCfg = Release|Any CPU
		{CD51811E-2BD8-4E5C-972D-CB73C7899F2F}.Release|x64.Build.0 = Release|Any CPU
		{CD51811E-2BD8-4E5C-972D-CB73C7899F2F}.Release|x86.ActiveCfg = Release|Any CPU
		{CD51811E-2BD8-4E5C-972D-CB73C7899F2F}.Release|x86.Build.0 = Release|Any CPU
		{7D14247F-FC1D-4362-8989-7BA0FC74BA02}.Ad-Hoc|Any CPU.ActiveCfg = Debug|iPhoneSimulator
		{7D14247F-FC1D-4362-8989-7BA0FC74BA02}.Ad-Hoc|Any CPU.Build.0 = Debug|iPhoneSimulator
		{7D14247F-FC1D-4362-8989-7BA0FC74BA02}.Ad-Hoc|ARM.ActiveCfg = Debug|iPhoneSimulator
		{7D14247F-FC1D-4362-8989-7BA0FC74BA02}.Ad-Hoc|ARM.Build.0 = Debug|iPhoneSimulator
		{7D14247F-FC1D-4362-8989-7BA0FC74BA02}.Ad-Hoc|ARM64.ActiveCfg = Debug|iPhoneSimulator
		{7D14247F-FC1D-4362-8989-7BA0FC74BA02}.Ad-Hoc|ARM64.Build.0 = Debug|iPhoneSimulator
		{7D14247F-FC1D-4362-8989-7BA0FC74BA02}.Ad-Hoc|iPhone.ActiveCfg = Debug|iPhoneSimulator
		{7D14247F-FC1D-4362-8989-7BA0FC74BA02}.Ad-Hoc|iPhone.Build.0 = Debug|iPhoneSimulator
		{7D14247F-FC1D-4362-8989-7BA0FC74BA02}.Ad-Hoc|iPhoneSimulator.ActiveCfg = Debug|iPhoneSimulator
		{7D14247F-FC1D-4362-8989-7BA0FC74BA02}.Ad-Hoc|iPhoneSimulator.Build.0 = Debug|iPhoneSimulator
		{7D14247F-FC1D-4362-8989-7BA0FC74BA02}.Ad-Hoc|x64.ActiveCfg = Debug|iPhoneSimulator
		{7D14247F-FC1D-4362-8989-7BA0FC74BA02}.Ad-Hoc|x64.Build.0 = Debug|iPhoneSimulator
		{7D14247F-FC1D-4362-8989-7BA0FC74BA02}.Ad-Hoc|x86.ActiveCfg = Debug|iPhoneSimulator
		{7D14247F-FC1D-4362-8989-7BA0FC74BA02}.Ad-Hoc|x86.Build.0 = Debug|iPhoneSimulator
		{7D14247F-FC1D-4362-8989-7BA0FC74BA02}.AppStore|Any CPU.ActiveCfg = Debug|iPhoneSimulator
		{7D14247F-FC1D-4362-8989-7BA0FC74BA02}.AppStore|Any CPU.Build.0 = Debug|iPhoneSimulator
		{7D14247F-FC1D-4362-8989-7BA0FC74BA02}.AppStore|ARM.ActiveCfg = Debug|iPhoneSimulator
		{7D14247F-FC1D-4362-8989-7BA0FC74BA02}.AppStore|ARM.Build.0 = Debug|iPhoneSimulator
		{7D14247F-FC1D-4362-8989-7BA0FC74BA02}.AppStore|ARM64.ActiveCfg = Debug|iPhoneSimulator
		{7D14247F-FC1D-4362-8989-7BA0FC74BA02}.AppStore|ARM64.Build.0 = Debug|iPhoneSimulator
		{7D14247F-FC1D-4362-8989-7BA0FC74BA02}.AppStore|iPhone.ActiveCfg = Debug|iPhoneSimulator
		{7D14247F-FC1D-4362-8989-7BA0FC74BA02}.AppStore|iPhone.Build.0 = Debug|iPhoneSimulator
		{7D14247F-FC1D-4362-8989-7BA0FC74BA02}.AppStore|iPhoneSimulator.ActiveCfg = Debug|iPhoneSimulator
		{7D14247F-FC1D-4362-8989-7BA0FC74BA02}.AppStore|iPhoneSimulator.Build.0 = Debug|iPhoneSimulator
		{7D14247F-FC1D-4362-8989-7BA0FC74BA02}.AppStore|x64.ActiveCfg = Debug|iPhoneSimulator
		{7D14247F-FC1D-4362-8989-7BA0FC74BA02}.AppStore|x64.Build.0 = Debug|iPhoneSimulator
		{7D14247F-FC1D-4362-8989-7BA0FC74BA02}.AppStore|x86.ActiveCfg = Debug|iPhoneSimulator
		{7D14247F-FC1D-4362-8989-7BA0FC74BA02}.AppStore|x86.Build.0 = Debug|iPhoneSimulator
		{7D14247F-FC1D-4362-8989-7BA0FC74BA02}.Debug|Any CPU.ActiveCfg = Debug|iPhoneSimulator
		{7D14247F-FC1D-4362-8989-7BA0FC74BA02}.Debug|ARM.ActiveCfg = Debug|iPhoneSimulator
		{7D14247F-FC1D-4362-8989-7BA0FC74BA02}.Debug|ARM64.ActiveCfg = Debug|iPhoneSimulator
		{7D14247F-FC1D-4362-8989-7BA0FC74BA02}.Debug|iPhone.ActiveCfg = Debug|iPhoneSimulator
		{7D14247F-FC1D-4362-8989-7BA0FC74BA02}.Debug|iPhoneSimulator.ActiveCfg = Debug|iPhoneSimulator
		{7D14247F-FC1D-4362-8989-7BA0FC74BA02}.Debug|iPhoneSimulator.Build.0 = Debug|iPhoneSimulator
		{7D14247F-FC1D-4362-8989-7BA0FC74BA02}.Debug|x64.ActiveCfg = Debug|iPhoneSimulator
		{7D14247F-FC1D-4362-8989-7BA0FC74BA02}.Debug|x86.ActiveCfg = Debug|iPhoneSimulator
		{7D14247F-FC1D-4362-8989-7BA0FC74BA02}.Release|Any CPU.ActiveCfg = Release|iPhoneSimulator
		{7D14247F-FC1D-4362-8989-7BA0FC74BA02}.Release|ARM.ActiveCfg = Release|iPhoneSimulator
		{7D14247F-FC1D-4362-8989-7BA0FC74BA02}.Release|ARM64.ActiveCfg = Release|iPhoneSimulator
		{7D14247F-FC1D-4362-8989-7BA0FC74BA02}.Release|iPhone.ActiveCfg = Release|iPhoneSimulator
		{7D14247F-FC1D-4362-8989-7BA0FC74BA02}.Release|iPhoneSimulator.ActiveCfg = Release|iPhoneSimulator
		{7D14247F-FC1D-4362-8989-7BA0FC74BA02}.Release|iPhoneSimulator.Build.0 = Release|iPhoneSimulator
		{7D14247F-FC1D-4362-8989-7BA0FC74BA02}.Release|x64.ActiveCfg = Release|iPhoneSimulator
		{7D14247F-FC1D-4362-8989-7BA0FC74BA02}.Release|x86.ActiveCfg = Release|iPhoneSimulator
		{622CC67D-0BE9-4069-9583-47FFBE06F49B}.Ad-Hoc|Any CPU.ActiveCfg = Debug|Any CPU
		{622CC67D-0BE9-4069-9583-47FFBE06F49B}.Ad-Hoc|Any CPU.Build.0 = Debug|Any CPU
		{622CC67D-0BE9-4069-9583-47FFBE06F49B}.Ad-Hoc|ARM.ActiveCfg = Debug|Any CPU
		{622CC67D-0BE9-4069-9583-47FFBE06F49B}.Ad-Hoc|ARM.Build.0 = Debug|Any CPU
		{622CC67D-0BE9-4069-9583-47FFBE06F49B}.Ad-Hoc|ARM64.ActiveCfg = Debug|Any CPU
		{622CC67D-0BE9-4069-9583-47FFBE06F49B}.Ad-Hoc|ARM64.Build.0 = Debug|Any CPU
		{622CC67D-0BE9-4069-9583-47FFBE06F49B}.Ad-Hoc|iPhone.ActiveCfg = Debug|Any CPU
		{622CC67D-0BE9-4069-9583-47FFBE06F49B}.Ad-Hoc|iPhone.Build.0 = Debug|Any CPU
		{622CC67D-0BE9-4069-9583-47FFBE06F49B}.Ad-Hoc|iPhoneSimulator.ActiveCfg = Debug|Any CPU
		{622CC67D-0BE9-4069-9583-47FFBE06F49B}.Ad-Hoc|iPhoneSimulator.Build.0 = Debug|Any CPU
		{622CC67D-0BE9-4069-9583-47FFBE06F49B}.Ad-Hoc|x64.ActiveCfg = Debug|Any CPU
		{622CC67D-0BE9-4069-9583-47FFBE06F49B}.Ad-Hoc|x64.Build.0 = Debug|Any CPU
		{622CC67D-0BE9-4069-9583-47FFBE06F49B}.Ad-Hoc|x86.ActiveCfg = Debug|Any CPU
		{622CC67D-0BE9-4069-9583-47FFBE06F49B}.Ad-Hoc|x86.Build.0 = Debug|Any CPU
		{622CC67D-0BE9-4069-9583-47FFBE06F49B}.AppStore|Any CPU.ActiveCfg = Debug|Any CPU
		{622CC67D-0BE9-4069-9583-47FFBE06F49B}.AppStore|Any CPU.Build.0 = Debug|Any CPU
		{622CC67D-0BE9-4069-9583-47FFBE06F49B}.AppStore|ARM.ActiveCfg = Debug|Any CPU
		{622CC67D-0BE9-4069-9583-47FFBE06F49B}.AppStore|ARM.Build.0 = Debug|Any CPU
		{622CC67D-0BE9-4069-9583-47FFBE06F49B}.AppStore|ARM64.ActiveCfg = Debug|Any CPU
		{622CC67D-0BE9-4069-9583-47FFBE06F49B}.AppStore|ARM64.Build.0 = Debug|Any CPU
		{622CC67D-0BE9-4069-9583-47FFBE06F49B}.AppStore|iPhone.ActiveCfg = Debug|Any CPU
		{622CC67D-0BE9-4069-9583-47FFBE06F49B}.AppStore|iPhone.Build.0 = Debug|Any CPU
		{622CC67D-0BE9-4069-9583-47FFBE06F49B}.AppStore|iPhoneSimulator.ActiveCfg = Debug|Any CPU
		{622CC67D-0BE9-4069-9583-47FFBE06F49B}.AppStore|iPhoneSimulator.Build.0 = Debug|Any CPU
		{622CC67D-0BE9-4069-9583-47FFBE06F49B}.AppStore|x64.ActiveCfg = Debug|Any CPU
		{622CC67D-0BE9-4069-9583-47FFBE06F49B}.AppStore|x64.Build.0 = Debug|Any CPU
		{622CC67D-0BE9-4069-9583-47FFBE06F49B}.AppStore|x86.ActiveCfg = Debug|Any CPU
		{622CC67D-0BE9-4069-9583-47FFBE06F49B}.AppStore|x86.Build.0 = Debug|Any CPU
		{622CC67D-0BE9-4069-9583-47FFBE06F49B}.Debug|Any CPU.ActiveCfg = Debug|Any CPU
		{622CC67D-0BE9-4069-9583-47FFBE06F49B}.Debug|ARM.ActiveCfg = Debug|Any CPU
		{622CC67D-0BE9-4069-9583-47FFBE06F49B}.Debug|ARM.Build.0 = Debug|Any CPU
		{622CC67D-0BE9-4069-9583-47FFBE06F49B}.Debug|ARM64.ActiveCfg = Debug|Any CPU
		{622CC67D-0BE9-4069-9583-47FFBE06F49B}.Debug|ARM64.Build.0 = Debug|Any CPU
		{622CC67D-0BE9-4069-9583-47FFBE06F49B}.Debug|iPhone.ActiveCfg = Debug|Any CPU
		{622CC67D-0BE9-4069-9583-47FFBE06F49B}.Debug|iPhone.Build.0 = Debug|Any CPU
		{622CC67D-0BE9-4069-9583-47FFBE06F49B}.Debug|iPhoneSimulator.ActiveCfg = Debug|Any CPU
		{622CC67D-0BE9-4069-9583-47FFBE06F49B}.Debug|iPhoneSimulator.Build.0 = Debug|Any CPU
		{622CC67D-0BE9-4069-9583-47FFBE06F49B}.Debug|x64.ActiveCfg = Debug|Any CPU
		{622CC67D-0BE9-4069-9583-47FFBE06F49B}.Debug|x64.Build.0 = Debug|Any CPU
		{622CC67D-0BE9-4069-9583-47FFBE06F49B}.Debug|x86.ActiveCfg = Debug|Any CPU
		{622CC67D-0BE9-4069-9583-47FFBE06F49B}.Debug|x86.Build.0 = Debug|Any CPU
		{622CC67D-0BE9-4069-9583-47FFBE06F49B}.Release|Any CPU.ActiveCfg = Release|Any CPU
		{622CC67D-0BE9-4069-9583-47FFBE06F49B}.Release|Any CPU.Build.0 = Release|Any CPU
		{622CC67D-0BE9-4069-9583-47FFBE06F49B}.Release|ARM.ActiveCfg = Release|Any CPU
		{622CC67D-0BE9-4069-9583-47FFBE06F49B}.Release|ARM.Build.0 = Release|Any CPU
		{622CC67D-0BE9-4069-9583-47FFBE06F49B}.Release|ARM64.ActiveCfg = Release|Any CPU
		{622CC67D-0BE9-4069-9583-47FFBE06F49B}.Release|ARM64.Build.0 = Release|Any CPU
		{622CC67D-0BE9-4069-9583-47FFBE06F49B}.Release|iPhone.ActiveCfg = Release|Any CPU
		{622CC67D-0BE9-4069-9583-47FFBE06F49B}.Release|iPhone.Build.0 = Release|Any CPU
		{622CC67D-0BE9-4069-9583-47FFBE06F49B}.Release|iPhoneSimulator.ActiveCfg = Release|Any CPU
		{622CC67D-0BE9-4069-9583-47FFBE06F49B}.Release|iPhoneSimulator.Build.0 = Release|Any CPU
		{622CC67D-0BE9-4069-9583-47FFBE06F49B}.Release|x64.ActiveCfg = Release|Any CPU
		{622CC67D-0BE9-4069-9583-47FFBE06F49B}.Release|x64.Build.0 = Release|Any CPU
		{622CC67D-0BE9-4069-9583-47FFBE06F49B}.Release|x86.ActiveCfg = Release|Any CPU
		{622CC67D-0BE9-4069-9583-47FFBE06F49B}.Release|x86.Build.0 = Release|Any CPU
		{4B69ACBB-5417-44ED-BBC7-3ACEA9C3EE66}.Ad-Hoc|Any CPU.ActiveCfg = Debug|Any CPU
		{4B69ACBB-5417-44ED-BBC7-3ACEA9C3EE66}.Ad-Hoc|Any CPU.Build.0 = Debug|Any CPU
		{4B69ACBB-5417-44ED-BBC7-3ACEA9C3EE66}.Ad-Hoc|ARM.ActiveCfg = Debug|Any CPU
		{4B69ACBB-5417-44ED-BBC7-3ACEA9C3EE66}.Ad-Hoc|ARM.Build.0 = Debug|Any CPU
		{4B69ACBB-5417-44ED-BBC7-3ACEA9C3EE66}.Ad-Hoc|ARM64.ActiveCfg = Debug|Any CPU
		{4B69ACBB-5417-44ED-BBC7-3ACEA9C3EE66}.Ad-Hoc|ARM64.Build.0 = Debug|Any CPU
		{4B69ACBB-5417-44ED-BBC7-3ACEA9C3EE66}.Ad-Hoc|iPhone.ActiveCfg = Debug|Any CPU
		{4B69ACBB-5417-44ED-BBC7-3ACEA9C3EE66}.Ad-Hoc|iPhone.Build.0 = Debug|Any CPU
		{4B69ACBB-5417-44ED-BBC7-3ACEA9C3EE66}.Ad-Hoc|iPhoneSimulator.ActiveCfg = Debug|Any CPU
		{4B69ACBB-5417-44ED-BBC7-3ACEA9C3EE66}.Ad-Hoc|iPhoneSimulator.Build.0 = Debug|Any CPU
		{4B69ACBB-5417-44ED-BBC7-3ACEA9C3EE66}.Ad-Hoc|x64.ActiveCfg = Debug|Any CPU
		{4B69ACBB-5417-44ED-BBC7-3ACEA9C3EE66}.Ad-Hoc|x64.Build.0 = Debug|Any CPU
		{4B69ACBB-5417-44ED-BBC7-3ACEA9C3EE66}.Ad-Hoc|x86.ActiveCfg = Debug|Any CPU
		{4B69ACBB-5417-44ED-BBC7-3ACEA9C3EE66}.Ad-Hoc|x86.Build.0 = Debug|Any CPU
		{4B69ACBB-5417-44ED-BBC7-3ACEA9C3EE66}.AppStore|Any CPU.ActiveCfg = Debug|Any CPU
		{4B69ACBB-5417-44ED-BBC7-3ACEA9C3EE66}.AppStore|Any CPU.Build.0 = Debug|Any CPU
		{4B69ACBB-5417-44ED-BBC7-3ACEA9C3EE66}.AppStore|ARM.ActiveCfg = Debug|Any CPU
		{4B69ACBB-5417-44ED-BBC7-3ACEA9C3EE66}.AppStore|ARM.Build.0 = Debug|Any CPU
		{4B69ACBB-5417-44ED-BBC7-3ACEA9C3EE66}.AppStore|ARM64.ActiveCfg = Debug|Any CPU
		{4B69ACBB-5417-44ED-BBC7-3ACEA9C3EE66}.AppStore|ARM64.Build.0 = Debug|Any CPU
		{4B69ACBB-5417-44ED-BBC7-3ACEA9C3EE66}.AppStore|iPhone.ActiveCfg = Debug|Any CPU
		{4B69ACBB-5417-44ED-BBC7-3ACEA9C3EE66}.AppStore|iPhone.Build.0 = Debug|Any CPU
		{4B69ACBB-5417-44ED-BBC7-3ACEA9C3EE66}.AppStore|iPhoneSimulator.ActiveCfg = Debug|Any CPU
		{4B69ACBB-5417-44ED-BBC7-3ACEA9C3EE66}.AppStore|iPhoneSimulator.Build.0 = Debug|Any CPU
		{4B69ACBB-5417-44ED-BBC7-3ACEA9C3EE66}.AppStore|x64.ActiveCfg = Debug|Any CPU
		{4B69ACBB-5417-44ED-BBC7-3ACEA9C3EE66}.AppStore|x64.Build.0 = Debug|Any CPU
		{4B69ACBB-5417-44ED-BBC7-3ACEA9C3EE66}.AppStore|x86.ActiveCfg = Debug|Any CPU
		{4B69ACBB-5417-44ED-BBC7-3ACEA9C3EE66}.AppStore|x86.Build.0 = Debug|Any CPU
		{4B69ACBB-5417-44ED-BBC7-3ACEA9C3EE66}.Debug|Any CPU.ActiveCfg = Debug|Any CPU
		{4B69ACBB-5417-44ED-BBC7-3ACEA9C3EE66}.Debug|ARM.ActiveCfg = Debug|Any CPU
		{4B69ACBB-5417-44ED-BBC7-3ACEA9C3EE66}.Debug|ARM.Build.0 = Debug|Any CPU
		{4B69ACBB-5417-44ED-BBC7-3ACEA9C3EE66}.Debug|ARM64.ActiveCfg = Debug|Any CPU
		{4B69ACBB-5417-44ED-BBC7-3ACEA9C3EE66}.Debug|ARM64.Build.0 = Debug|Any CPU
		{4B69ACBB-5417-44ED-BBC7-3ACEA9C3EE66}.Debug|iPhone.ActiveCfg = Debug|Any CPU
		{4B69ACBB-5417-44ED-BBC7-3ACEA9C3EE66}.Debug|iPhone.Build.0 = Debug|Any CPU
		{4B69ACBB-5417-44ED-BBC7-3ACEA9C3EE66}.Debug|iPhoneSimulator.ActiveCfg = Debug|Any CPU
		{4B69ACBB-5417-44ED-BBC7-3ACEA9C3EE66}.Debug|iPhoneSimulator.Build.0 = Debug|Any CPU
		{4B69ACBB-5417-44ED-BBC7-3ACEA9C3EE66}.Debug|x64.ActiveCfg = Debug|Any CPU
		{4B69ACBB-5417-44ED-BBC7-3ACEA9C3EE66}.Debug|x64.Build.0 = Debug|Any CPU
		{4B69ACBB-5417-44ED-BBC7-3ACEA9C3EE66}.Debug|x86.ActiveCfg = Debug|Any CPU
		{4B69ACBB-5417-44ED-BBC7-3ACEA9C3EE66}.Debug|x86.Build.0 = Debug|Any CPU
		{4B69ACBB-5417-44ED-BBC7-3ACEA9C3EE66}.Release|Any CPU.ActiveCfg = Release|Any CPU
		{4B69ACBB-5417-44ED-BBC7-3ACEA9C3EE66}.Release|Any CPU.Build.0 = Release|Any CPU
		{4B69ACBB-5417-44ED-BBC7-3ACEA9C3EE66}.Release|ARM.ActiveCfg = Release|Any CPU
		{4B69ACBB-5417-44ED-BBC7-3ACEA9C3EE66}.Release|ARM.Build.0 = Release|Any CPU
		{4B69ACBB-5417-44ED-BBC7-3ACEA9C3EE66}.Release|ARM64.ActiveCfg = Release|Any CPU
		{4B69ACBB-5417-44ED-BBC7-3ACEA9C3EE66}.Release|ARM64.Build.0 = Release|Any CPU
		{4B69ACBB-5417-44ED-BBC7-3ACEA9C3EE66}.Release|iPhone.ActiveCfg = Release|Any CPU
		{4B69ACBB-5417-44ED-BBC7-3ACEA9C3EE66}.Release|iPhone.Build.0 = Release|Any CPU
		{4B69ACBB-5417-44ED-BBC7-3ACEA9C3EE66}.Release|iPhoneSimulator.ActiveCfg = Release|Any CPU
		{4B69ACBB-5417-44ED-BBC7-3ACEA9C3EE66}.Release|iPhoneSimulator.Build.0 = Release|Any CPU
		{4B69ACBB-5417-44ED-BBC7-3ACEA9C3EE66}.Release|x64.ActiveCfg = Release|Any CPU
		{4B69ACBB-5417-44ED-BBC7-3ACEA9C3EE66}.Release|x64.Build.0 = Release|Any CPU
		{4B69ACBB-5417-44ED-BBC7-3ACEA9C3EE66}.Release|x86.ActiveCfg = Release|Any CPU
		{4B69ACBB-5417-44ED-BBC7-3ACEA9C3EE66}.Release|x86.Build.0 = Release|Any CPU
		{5C693149-31E2-49C2-933F-19630F32041D}.Ad-Hoc|Any CPU.ActiveCfg = Debug|Any CPU
		{5C693149-31E2-49C2-933F-19630F32041D}.Ad-Hoc|Any CPU.Build.0 = Debug|Any CPU
		{5C693149-31E2-49C2-933F-19630F32041D}.Ad-Hoc|ARM.ActiveCfg = Debug|Any CPU
		{5C693149-31E2-49C2-933F-19630F32041D}.Ad-Hoc|ARM.Build.0 = Debug|Any CPU
		{5C693149-31E2-49C2-933F-19630F32041D}.Ad-Hoc|ARM64.ActiveCfg = Debug|Any CPU
		{5C693149-31E2-49C2-933F-19630F32041D}.Ad-Hoc|ARM64.Build.0 = Debug|Any CPU
		{5C693149-31E2-49C2-933F-19630F32041D}.Ad-Hoc|iPhone.ActiveCfg = Debug|Any CPU
		{5C693149-31E2-49C2-933F-19630F32041D}.Ad-Hoc|iPhone.Build.0 = Debug|Any CPU
		{5C693149-31E2-49C2-933F-19630F32041D}.Ad-Hoc|iPhoneSimulator.ActiveCfg = Debug|Any CPU
		{5C693149-31E2-49C2-933F-19630F32041D}.Ad-Hoc|iPhoneSimulator.Build.0 = Debug|Any CPU
		{5C693149-31E2-49C2-933F-19630F32041D}.Ad-Hoc|x64.ActiveCfg = Debug|Any CPU
		{5C693149-31E2-49C2-933F-19630F32041D}.Ad-Hoc|x64.Build.0 = Debug|Any CPU
		{5C693149-31E2-49C2-933F-19630F32041D}.Ad-Hoc|x86.ActiveCfg = Debug|Any CPU
		{5C693149-31E2-49C2-933F-19630F32041D}.Ad-Hoc|x86.Build.0 = Debug|Any CPU
		{5C693149-31E2-49C2-933F-19630F32041D}.AppStore|Any CPU.ActiveCfg = Debug|Any CPU
		{5C693149-31E2-49C2-933F-19630F32041D}.AppStore|Any CPU.Build.0 = Debug|Any CPU
		{5C693149-31E2-49C2-933F-19630F32041D}.AppStore|ARM.ActiveCfg = Debug|Any CPU
		{5C693149-31E2-49C2-933F-19630F32041D}.AppStore|ARM.Build.0 = Debug|Any CPU
		{5C693149-31E2-49C2-933F-19630F32041D}.AppStore|ARM64.ActiveCfg = Debug|Any CPU
		{5C693149-31E2-49C2-933F-19630F32041D}.AppStore|ARM64.Build.0 = Debug|Any CPU
		{5C693149-31E2-49C2-933F-19630F32041D}.AppStore|iPhone.ActiveCfg = Debug|Any CPU
		{5C693149-31E2-49C2-933F-19630F32041D}.AppStore|iPhone.Build.0 = Debug|Any CPU
		{5C693149-31E2-49C2-933F-19630F32041D}.AppStore|iPhoneSimulator.ActiveCfg = Debug|Any CPU
		{5C693149-31E2-49C2-933F-19630F32041D}.AppStore|iPhoneSimulator.Build.0 = Debug|Any CPU
		{5C693149-31E2-49C2-933F-19630F32041D}.AppStore|x64.ActiveCfg = Debug|Any CPU
		{5C693149-31E2-49C2-933F-19630F32041D}.AppStore|x64.Build.0 = Debug|Any CPU
		{5C693149-31E2-49C2-933F-19630F32041D}.AppStore|x86.ActiveCfg = Debug|Any CPU
		{5C693149-31E2-49C2-933F-19630F32041D}.AppStore|x86.Build.0 = Debug|Any CPU
		{5C693149-31E2-49C2-933F-19630F32041D}.Debug|Any CPU.ActiveCfg = Debug|Any CPU
		{5C693149-31E2-49C2-933F-19630F32041D}.Debug|ARM.ActiveCfg = Debug|Any CPU
		{5C693149-31E2-49C2-933F-19630F32041D}.Debug|ARM.Build.0 = Debug|Any CPU
		{5C693149-31E2-49C2-933F-19630F32041D}.Debug|ARM64.ActiveCfg = Debug|Any CPU
		{5C693149-31E2-49C2-933F-19630F32041D}.Debug|ARM64.Build.0 = Debug|Any CPU
		{5C693149-31E2-49C2-933F-19630F32041D}.Debug|iPhone.ActiveCfg = Debug|Any CPU
		{5C693149-31E2-49C2-933F-19630F32041D}.Debug|iPhone.Build.0 = Debug|Any CPU
		{5C693149-31E2-49C2-933F-19630F32041D}.Debug|iPhoneSimulator.ActiveCfg = Debug|Any CPU
		{5C693149-31E2-49C2-933F-19630F32041D}.Debug|iPhoneSimulator.Build.0 = Debug|Any CPU
		{5C693149-31E2-49C2-933F-19630F32041D}.Debug|x64.ActiveCfg = Debug|Any CPU
		{5C693149-31E2-49C2-933F-19630F32041D}.Debug|x64.Build.0 = Debug|Any CPU
		{5C693149-31E2-49C2-933F-19630F32041D}.Debug|x86.ActiveCfg = Debug|Any CPU
		{5C693149-31E2-49C2-933F-19630F32041D}.Debug|x86.Build.0 = Debug|Any CPU
		{5C693149-31E2-49C2-933F-19630F32041D}.Release|Any CPU.ActiveCfg = Release|Any CPU
		{5C693149-31E2-49C2-933F-19630F32041D}.Release|Any CPU.Build.0 = Release|Any CPU
		{5C693149-31E2-49C2-933F-19630F32041D}.Release|ARM.ActiveCfg = Release|Any CPU
		{5C693149-31E2-49C2-933F-19630F32041D}.Release|ARM.Build.0 = Release|Any CPU
		{5C693149-31E2-49C2-933F-19630F32041D}.Release|ARM64.ActiveCfg = Release|Any CPU
		{5C693149-31E2-49C2-933F-19630F32041D}.Release|ARM64.Build.0 = Release|Any CPU
		{5C693149-31E2-49C2-933F-19630F32041D}.Release|iPhone.ActiveCfg = Release|Any CPU
		{5C693149-31E2-49C2-933F-19630F32041D}.Release|iPhone.Build.0 = Release|Any CPU
		{5C693149-31E2-49C2-933F-19630F32041D}.Release|iPhoneSimulator.ActiveCfg = Release|Any CPU
		{5C693149-31E2-49C2-933F-19630F32041D}.Release|iPhoneSimulator.Build.0 = Release|Any CPU
		{5C693149-31E2-49C2-933F-19630F32041D}.Release|x64.ActiveCfg = Release|Any CPU
		{5C693149-31E2-49C2-933F-19630F32041D}.Release|x64.Build.0 = Release|Any CPU
		{5C693149-31E2-49C2-933F-19630F32041D}.Release|x86.ActiveCfg = Release|Any CPU
		{5C693149-31E2-49C2-933F-19630F32041D}.Release|x86.Build.0 = Release|Any CPU
		{C61E2DE9-7B37-4666-8D2A-97C8EEBB103B}.Ad-Hoc|Any CPU.ActiveCfg = Debug|Any CPU
		{C61E2DE9-7B37-4666-8D2A-97C8EEBB103B}.Ad-Hoc|Any CPU.Build.0 = Debug|Any CPU
		{C61E2DE9-7B37-4666-8D2A-97C8EEBB103B}.Ad-Hoc|ARM.ActiveCfg = Debug|Any CPU
		{C61E2DE9-7B37-4666-8D2A-97C8EEBB103B}.Ad-Hoc|ARM.Build.0 = Debug|Any CPU
		{C61E2DE9-7B37-4666-8D2A-97C8EEBB103B}.Ad-Hoc|ARM64.ActiveCfg = Debug|Any CPU
		{C61E2DE9-7B37-4666-8D2A-97C8EEBB103B}.Ad-Hoc|ARM64.Build.0 = Debug|Any CPU
		{C61E2DE9-7B37-4666-8D2A-97C8EEBB103B}.Ad-Hoc|iPhone.ActiveCfg = Debug|Any CPU
		{C61E2DE9-7B37-4666-8D2A-97C8EEBB103B}.Ad-Hoc|iPhone.Build.0 = Debug|Any CPU
		{C61E2DE9-7B37-4666-8D2A-97C8EEBB103B}.Ad-Hoc|iPhoneSimulator.ActiveCfg = Debug|Any CPU
		{C61E2DE9-7B37-4666-8D2A-97C8EEBB103B}.Ad-Hoc|iPhoneSimulator.Build.0 = Debug|Any CPU
		{C61E2DE9-7B37-4666-8D2A-97C8EEBB103B}.Ad-Hoc|x64.ActiveCfg = Debug|Any CPU
		{C61E2DE9-7B37-4666-8D2A-97C8EEBB103B}.Ad-Hoc|x64.Build.0 = Debug|Any CPU
		{C61E2DE9-7B37-4666-8D2A-97C8EEBB103B}.Ad-Hoc|x86.ActiveCfg = Debug|Any CPU
		{C61E2DE9-7B37-4666-8D2A-97C8EEBB103B}.Ad-Hoc|x86.Build.0 = Debug|Any CPU
		{C61E2DE9-7B37-4666-8D2A-97C8EEBB103B}.AppStore|Any CPU.ActiveCfg = Debug|Any CPU
		{C61E2DE9-7B37-4666-8D2A-97C8EEBB103B}.AppStore|Any CPU.Build.0 = Debug|Any CPU
		{C61E2DE9-7B37-4666-8D2A-97C8EEBB103B}.AppStore|ARM.ActiveCfg = Debug|Any CPU
		{C61E2DE9-7B37-4666-8D2A-97C8EEBB103B}.AppStore|ARM.Build.0 = Debug|Any CPU
		{C61E2DE9-7B37-4666-8D2A-97C8EEBB103B}.AppStore|ARM64.ActiveCfg = Debug|Any CPU
		{C61E2DE9-7B37-4666-8D2A-97C8EEBB103B}.AppStore|ARM64.Build.0 = Debug|Any CPU
		{C61E2DE9-7B37-4666-8D2A-97C8EEBB103B}.AppStore|iPhone.ActiveCfg = Debug|Any CPU
		{C61E2DE9-7B37-4666-8D2A-97C8EEBB103B}.AppStore|iPhone.Build.0 = Debug|Any CPU
		{C61E2DE9-7B37-4666-8D2A-97C8EEBB103B}.AppStore|iPhoneSimulator.ActiveCfg = Debug|Any CPU
		{C61E2DE9-7B37-4666-8D2A-97C8EEBB103B}.AppStore|iPhoneSimulator.Build.0 = Debug|Any CPU
		{C61E2DE9-7B37-4666-8D2A-97C8EEBB103B}.AppStore|x64.ActiveCfg = Debug|Any CPU
		{C61E2DE9-7B37-4666-8D2A-97C8EEBB103B}.AppStore|x64.Build.0 = Debug|Any CPU
		{C61E2DE9-7B37-4666-8D2A-97C8EEBB103B}.AppStore|x86.ActiveCfg = Debug|Any CPU
		{C61E2DE9-7B37-4666-8D2A-97C8EEBB103B}.AppStore|x86.Build.0 = Debug|Any CPU
		{C61E2DE9-7B37-4666-8D2A-97C8EEBB103B}.Debug|Any CPU.ActiveCfg = Debug|Any CPU
		{C61E2DE9-7B37-4666-8D2A-97C8EEBB103B}.Debug|ARM.ActiveCfg = Debug|Any CPU
		{C61E2DE9-7B37-4666-8D2A-97C8EEBB103B}.Debug|ARM.Build.0 = Debug|Any CPU
		{C61E2DE9-7B37-4666-8D2A-97C8EEBB103B}.Debug|ARM64.ActiveCfg = Debug|Any CPU
		{C61E2DE9-7B37-4666-8D2A-97C8EEBB103B}.Debug|ARM64.Build.0 = Debug|Any CPU
		{C61E2DE9-7B37-4666-8D2A-97C8EEBB103B}.Debug|iPhone.ActiveCfg = Debug|Any CPU
		{C61E2DE9-7B37-4666-8D2A-97C8EEBB103B}.Debug|iPhone.Build.0 = Debug|Any CPU
		{C61E2DE9-7B37-4666-8D2A-97C8EEBB103B}.Debug|iPhoneSimulator.ActiveCfg = Debug|Any CPU
		{C61E2DE9-7B37-4666-8D2A-97C8EEBB103B}.Debug|iPhoneSimulator.Build.0 = Debug|Any CPU
		{C61E2DE9-7B37-4666-8D2A-97C8EEBB103B}.Debug|x64.ActiveCfg = Debug|Any CPU
		{C61E2DE9-7B37-4666-8D2A-97C8EEBB103B}.Debug|x64.Build.0 = Debug|Any CPU
		{C61E2DE9-7B37-4666-8D2A-97C8EEBB103B}.Debug|x86.ActiveCfg = Debug|Any CPU
		{C61E2DE9-7B37-4666-8D2A-97C8EEBB103B}.Debug|x86.Build.0 = Debug|Any CPU
		{C61E2DE9-7B37-4666-8D2A-97C8EEBB103B}.Release|Any CPU.ActiveCfg = Release|Any CPU
		{C61E2DE9-7B37-4666-8D2A-97C8EEBB103B}.Release|Any CPU.Build.0 = Release|Any CPU
		{C61E2DE9-7B37-4666-8D2A-97C8EEBB103B}.Release|ARM.ActiveCfg = Release|Any CPU
		{C61E2DE9-7B37-4666-8D2A-97C8EEBB103B}.Release|ARM.Build.0 = Release|Any CPU
		{C61E2DE9-7B37-4666-8D2A-97C8EEBB103B}.Release|ARM64.ActiveCfg = Release|Any CPU
		{C61E2DE9-7B37-4666-8D2A-97C8EEBB103B}.Release|ARM64.Build.0 = Release|Any CPU
		{C61E2DE9-7B37-4666-8D2A-97C8EEBB103B}.Release|iPhone.ActiveCfg = Release|Any CPU
		{C61E2DE9-7B37-4666-8D2A-97C8EEBB103B}.Release|iPhone.Build.0 = Release|Any CPU
		{C61E2DE9-7B37-4666-8D2A-97C8EEBB103B}.Release|iPhoneSimulator.ActiveCfg = Release|Any CPU
		{C61E2DE9-7B37-4666-8D2A-97C8EEBB103B}.Release|iPhoneSimulator.Build.0 = Release|Any CPU
		{C61E2DE9-7B37-4666-8D2A-97C8EEBB103B}.Release|x64.ActiveCfg = Release|Any CPU
		{C61E2DE9-7B37-4666-8D2A-97C8EEBB103B}.Release|x64.Build.0 = Release|Any CPU
		{C61E2DE9-7B37-4666-8D2A-97C8EEBB103B}.Release|x86.ActiveCfg = Release|Any CPU
		{C61E2DE9-7B37-4666-8D2A-97C8EEBB103B}.Release|x86.Build.0 = Release|Any CPU
		{72A1CD70-DB8D-4411-95C1-9B3F618A1A33}.Ad-Hoc|Any CPU.ActiveCfg = Debug|Any CPU
		{72A1CD70-DB8D-4411-95C1-9B3F618A1A33}.Ad-Hoc|Any CPU.Build.0 = Debug|Any CPU
		{72A1CD70-DB8D-4411-95C1-9B3F618A1A33}.Ad-Hoc|ARM.ActiveCfg = Debug|Any CPU
		{72A1CD70-DB8D-4411-95C1-9B3F618A1A33}.Ad-Hoc|ARM.Build.0 = Debug|Any CPU
		{72A1CD70-DB8D-4411-95C1-9B3F618A1A33}.Ad-Hoc|ARM64.ActiveCfg = Debug|Any CPU
		{72A1CD70-DB8D-4411-95C1-9B3F618A1A33}.Ad-Hoc|ARM64.Build.0 = Debug|Any CPU
		{72A1CD70-DB8D-4411-95C1-9B3F618A1A33}.Ad-Hoc|iPhone.ActiveCfg = Debug|Any CPU
		{72A1CD70-DB8D-4411-95C1-9B3F618A1A33}.Ad-Hoc|iPhone.Build.0 = Debug|Any CPU
		{72A1CD70-DB8D-4411-95C1-9B3F618A1A33}.Ad-Hoc|iPhoneSimulator.ActiveCfg = Debug|Any CPU
		{72A1CD70-DB8D-4411-95C1-9B3F618A1A33}.Ad-Hoc|iPhoneSimulator.Build.0 = Debug|Any CPU
		{72A1CD70-DB8D-4411-95C1-9B3F618A1A33}.Ad-Hoc|x64.ActiveCfg = Debug|Any CPU
		{72A1CD70-DB8D-4411-95C1-9B3F618A1A33}.Ad-Hoc|x64.Build.0 = Debug|Any CPU
		{72A1CD70-DB8D-4411-95C1-9B3F618A1A33}.Ad-Hoc|x86.ActiveCfg = Debug|Any CPU
		{72A1CD70-DB8D-4411-95C1-9B3F618A1A33}.Ad-Hoc|x86.Build.0 = Debug|Any CPU
		{72A1CD70-DB8D-4411-95C1-9B3F618A1A33}.AppStore|Any CPU.ActiveCfg = Debug|Any CPU
		{72A1CD70-DB8D-4411-95C1-9B3F618A1A33}.AppStore|Any CPU.Build.0 = Debug|Any CPU
		{72A1CD70-DB8D-4411-95C1-9B3F618A1A33}.AppStore|ARM.ActiveCfg = Debug|Any CPU
		{72A1CD70-DB8D-4411-95C1-9B3F618A1A33}.AppStore|ARM.Build.0 = Debug|Any CPU
		{72A1CD70-DB8D-4411-95C1-9B3F618A1A33}.AppStore|ARM64.ActiveCfg = Debug|Any CPU
		{72A1CD70-DB8D-4411-95C1-9B3F618A1A33}.AppStore|ARM64.Build.0 = Debug|Any CPU
		{72A1CD70-DB8D-4411-95C1-9B3F618A1A33}.AppStore|iPhone.ActiveCfg = Debug|Any CPU
		{72A1CD70-DB8D-4411-95C1-9B3F618A1A33}.AppStore|iPhone.Build.0 = Debug|Any CPU
		{72A1CD70-DB8D-4411-95C1-9B3F618A1A33}.AppStore|iPhoneSimulator.ActiveCfg = Debug|Any CPU
		{72A1CD70-DB8D-4411-95C1-9B3F618A1A33}.AppStore|iPhoneSimulator.Build.0 = Debug|Any CPU
		{72A1CD70-DB8D-4411-95C1-9B3F618A1A33}.AppStore|x64.ActiveCfg = Debug|Any CPU
		{72A1CD70-DB8D-4411-95C1-9B3F618A1A33}.AppStore|x64.Build.0 = Debug|Any CPU
		{72A1CD70-DB8D-4411-95C1-9B3F618A1A33}.AppStore|x86.ActiveCfg = Debug|Any CPU
		{72A1CD70-DB8D-4411-95C1-9B3F618A1A33}.AppStore|x86.Build.0 = Debug|Any CPU
		{72A1CD70-DB8D-4411-95C1-9B3F618A1A33}.Debug|Any CPU.ActiveCfg = Debug|Any CPU
		{72A1CD70-DB8D-4411-95C1-9B3F618A1A33}.Debug|Any CPU.Build.0 = Debug|Any CPU
		{72A1CD70-DB8D-4411-95C1-9B3F618A1A33}.Debug|ARM.ActiveCfg = Debug|Any CPU
		{72A1CD70-DB8D-4411-95C1-9B3F618A1A33}.Debug|ARM.Build.0 = Debug|Any CPU
		{72A1CD70-DB8D-4411-95C1-9B3F618A1A33}.Debug|ARM64.ActiveCfg = Debug|Any CPU
		{72A1CD70-DB8D-4411-95C1-9B3F618A1A33}.Debug|ARM64.Build.0 = Debug|Any CPU
		{72A1CD70-DB8D-4411-95C1-9B3F618A1A33}.Debug|iPhone.ActiveCfg = Debug|Any CPU
		{72A1CD70-DB8D-4411-95C1-9B3F618A1A33}.Debug|iPhone.Build.0 = Debug|Any CPU
		{72A1CD70-DB8D-4411-95C1-9B3F618A1A33}.Debug|iPhoneSimulator.ActiveCfg = Debug|Any CPU
		{72A1CD70-DB8D-4411-95C1-9B3F618A1A33}.Debug|iPhoneSimulator.Build.0 = Debug|Any CPU
		{72A1CD70-DB8D-4411-95C1-9B3F618A1A33}.Debug|x64.ActiveCfg = Debug|Any CPU
		{72A1CD70-DB8D-4411-95C1-9B3F618A1A33}.Debug|x64.Build.0 = Debug|Any CPU
		{72A1CD70-DB8D-4411-95C1-9B3F618A1A33}.Debug|x86.ActiveCfg = Debug|Any CPU
		{72A1CD70-DB8D-4411-95C1-9B3F618A1A33}.Debug|x86.Build.0 = Debug|Any CPU
		{72A1CD70-DB8D-4411-95C1-9B3F618A1A33}.Release|Any CPU.ActiveCfg = Release|Any CPU
		{72A1CD70-DB8D-4411-95C1-9B3F618A1A33}.Release|Any CPU.Build.0 = Release|Any CPU
		{72A1CD70-DB8D-4411-95C1-9B3F618A1A33}.Release|ARM.ActiveCfg = Release|Any CPU
		{72A1CD70-DB8D-4411-95C1-9B3F618A1A33}.Release|ARM.Build.0 = Release|Any CPU
		{72A1CD70-DB8D-4411-95C1-9B3F618A1A33}.Release|ARM64.ActiveCfg = Release|Any CPU
		{72A1CD70-DB8D-4411-95C1-9B3F618A1A33}.Release|ARM64.Build.0 = Release|Any CPU
		{72A1CD70-DB8D-4411-95C1-9B3F618A1A33}.Release|iPhone.ActiveCfg = Release|Any CPU
		{72A1CD70-DB8D-4411-95C1-9B3F618A1A33}.Release|iPhone.Build.0 = Release|Any CPU
		{72A1CD70-DB8D-4411-95C1-9B3F618A1A33}.Release|iPhoneSimulator.ActiveCfg = Release|Any CPU
		{72A1CD70-DB8D-4411-95C1-9B3F618A1A33}.Release|iPhoneSimulator.Build.0 = Release|Any CPU
		{72A1CD70-DB8D-4411-95C1-9B3F618A1A33}.Release|x64.ActiveCfg = Release|Any CPU
		{72A1CD70-DB8D-4411-95C1-9B3F618A1A33}.Release|x64.Build.0 = Release|Any CPU
		{72A1CD70-DB8D-4411-95C1-9B3F618A1A33}.Release|x86.ActiveCfg = Release|Any CPU
		{72A1CD70-DB8D-4411-95C1-9B3F618A1A33}.Release|x86.Build.0 = Release|Any CPU
	EndGlobalSection
	GlobalSection(SolutionProperties) = preSolution
		HideSolutionNode = FALSE
	EndGlobalSection
	GlobalSection(NestedProjects) = preSolution
		{BF15DE8A-B157-4634-89FB-033654DA452B} = {2917A122-DFD6-4112-9BBC-63F7F88CCF0D}
		{8A55608B-753C-42FD-ADF4-172AA81FBD3D} = {2917A122-DFD6-4112-9BBC-63F7F88CCF0D}
		{BB20A22A-05B4-49F2-9836-82050DAB58A7} = {2917A122-DFD6-4112-9BBC-63F7F88CCF0D}
		{CD51811E-2BD8-4E5C-972D-CB73C7899F2F} = {2917A122-DFD6-4112-9BBC-63F7F88CCF0D}
		{7D14247F-FC1D-4362-8989-7BA0FC74BA02} = {2917A122-DFD6-4112-9BBC-63F7F88CCF0D}
		{622CC67D-0BE9-4069-9583-47FFBE06F49B} = {2917A122-DFD6-4112-9BBC-63F7F88CCF0D}
		{4B69ACBB-5417-44ED-BBC7-3ACEA9C3EE66} = {2917A122-DFD6-4112-9BBC-63F7F88CCF0D}
		{5C693149-31E2-49C2-933F-19630F32041D} = {2917A122-DFD6-4112-9BBC-63F7F88CCF0D}
		{C61E2DE9-7B37-4666-8D2A-97C8EEBB103B} = {2917A122-DFD6-4112-9BBC-63F7F88CCF0D}
	EndGlobalSection
	GlobalSection(ExtensibilityGlobals) = postSolution
		SolutionGuid = {87C451B1-513B-47B6-87DD-43F495A647AE}
	EndGlobalSection
EndGlobal
